
Microsoft Visual Studio Solution File, Format Version 12.00
# Visual Studio Version 17
VisualStudioVersion = 17.14.36414.22
MinimumVisualStudioVersion = 10.0.40219.1
Project("{2150E333-8FDC-42A3-9474-1A3956D46DE8}") = "Services", "Services", "{02EA681E-C7D8-13C7-8484-4AC65E1B71E8}"
EndProject
Project("{2150E333-8FDC-42A3-9474-1A3956D46DE8}") = "Catalog", "Catalog", "{A2BECAAA-85C7-4BFE-918C-F36F65E37F68}"
EndProject
Project("{FAE04EC0-301F-11D3-BF4B-00C04F79EFBC}") = "Catalog.API", "Services\Catalog\Catalog.API\Catalog.API.csproj", "{4CA39C12-A6ED-4275-8434-1156B765CF88}"
EndProject
Project("{2150E333-8FDC-42A3-9474-1A3956D46DE8}") = "BuildingBlocks", "BuildingBlocks", "{A7A7DAD0-45FF-4030-97C9-BD24C76DE71F}"
EndProject
Project("{FAE04EC0-301F-11D3-BF4B-00C04F79EFBC}") = "BuildingBlocks", "BuildingBlocks\BuildingBlocks\BuildingBlocks.csproj", "{3B1893C1-77EE-4A12-A85D-4CD5EA9FBA58}"
EndProject
Project("{E53339B2-1760-4266-BCC7-CA923CBCF16C}") = "docker-compose", "docker-compose.dcproj", "{81DDED9D-158B-E303-5F62-77A2896D2A5A}"
EndProject
Project("{2150E333-8FDC-42A3-9474-1A3956D46DE8}") = "Basket", "Basket", "{D0CD40FF-96B4-41E1-9A75-8E973326EB37}"
EndProject
Project("{FAE04EC0-301F-11D3-BF4B-00C04F79EFBC}") = "Basket.API", "Services\Basket\Basket.API\Basket.API.csproj", "{20E0780C-4B43-445A-8EC2-7607D19E74DA}"
EndProject
Global
	GlobalSection(SolutionConfigurationPlatforms) = preSolution
		Debug|Any CPU = Debug|Any CPU
		Release|Any CPU = Release|Any CPU
	EndGlobalSection
	GlobalSection(ProjectConfigurationPlatforms) = postSolution
		{4CA39C12-A6ED-4275-8434-1156B765CF88}.Debug|Any CPU.ActiveCfg = Debug|Any CPU
		{4CA39C12-A6ED-4275-8434-1156B765CF88}.Debug|Any CPU.Build.0 = Debug|Any CPU
		{4CA39C12-A6ED-4275-8434-1156B765CF88}.Release|Any CPU.ActiveCfg = Release|Any CPU
		{4CA39C12-A6ED-4275-8434-1156B765CF88}.Release|Any CPU.Build.0 = Release|Any CPU
		{3B1893C1-77EE-4A12-A85D-4CD5EA9FBA58}.Debug|Any CPU.ActiveCfg = Debug|Any CPU
		{3B1893C1-77EE-4A12-A85D-4CD5EA9FBA58}.Debug|Any CPU.Build.0 = Debug|Any CPU
		{3B1893C1-77EE-4A12-A85D-4CD5EA9FBA58}.Release|Any CPU.ActiveCfg = Release|Any CPU
		{3B1893C1-77EE-4A12-A85D-4CD5EA9FBA58}.Release|Any CPU.Build.0 = Release|Any CPU
		{81DDED9D-158B-E303-5F62-77A2896D2A5A}.Debug|Any CPU.ActiveCfg = Debug|Any CPU
		{81DDED9D-158B-E303-5F62-77A2896D2A5A}.Debug|Any CPU.Build.0 = Debug|Any CPU
		{81DDED9D-158B-E303-5F62-77A2896D2A5A}.Release|Any CPU.ActiveCfg = Release|Any CPU
		{81DDED9D-158B-E303-5F62-77A2896D2A5A}.Release|Any CPU.Build.0 = Release|Any CPU
		{20E0780C-4B43-445A-8EC2-7607D19E74DA}.Debug|Any CPU.ActiveCfg = Debug|Any CPU
		{20E0780C-4B43-445A-8EC2-7607D19E74DA}.Debug|Any CPU.Build.0 = Debug|Any CPU
		{20E0780C-4B43-445A-8EC2-7607D19E74DA}.Release|Any CPU.ActiveCfg = Release|Any CPU
		{20E0780C-4B43-445A-8EC2-7607D19E74DA}.Release|Any CPU.Build.0 = Release|Any CPU
	EndGlobalSection
	GlobalSection(SolutionProperties) = preSolution
		HideSolutionNode = FALSE
	EndGlobalSection
	GlobalSection(NestedProjects) = preSolution
		{A2BECAAA-85C7-4BFE-918C-F36F65E37F68} = {02EA681E-C7D8-13C7-8484-4AC65E1B71E8}
		{4CA39C12-A6ED-4275-8434-1156B765CF88} = {A2BECAAA-85C7-4BFE-918C-F36F65E37F68}
		{3B1893C1-77EE-4A12-A85D-4CD5EA9FBA58} = {A7A7DAD0-45FF-4030-97C9-BD24C76DE71F}
		{D0CD40FF-96B4-41E1-9A75-8E973326EB37} = {02EA681E-C7D8-13C7-8484-4AC65E1B71E8}
		{20E0780C-4B43-445A-8EC2-7607D19E74DA} = {D0CD40FF-96B4-41E1-9A75-8E973326EB37}
	EndGlobalSection
	GlobalSection(ExtensibilityGlobals) = postSolution
		SolutionGuid = {AB5868E8-8CBB-41AA-A9FF-AA8D8C2728FC}
	EndGlobalSection
EndGlobal
