
Microsoft Visual Studio Solution File, Format Version 12.00
# Visual Studio Version 17
VisualStudioVersion = 17.13.35931.197
MinimumVisualStudioVersion = 10.0.40219.1
Project("{2150E333-8FDC-42A3-9474-1A3956D46DE8}") = "Services", "Services", "{02EA681E-C7D8-13C7-8484-4AC65E1B71E8}"
EndProject
Project("{2150E333-8FDC-42A3-9474-1A3956D46DE8}") = "Catalog", "Catalog", "{75D43413-6E26-4B0C-ABD7-0C6C5CA72BAD}"
EndProject
Project("{FAE04EC0-301F-11D3-BF4B-00C04F79EFBC}") = "Catalog.API", "Services\Catalog\Catalog.API\Catalog.API.csproj", "{26B38B9C-71C3-482C-9342-E96ED77EC4C5}"
EndProject
Project("{2150E333-8FDC-42A3-9474-1A3956D46DE8}") = "BuildingBlocks", "BuildingBlocks", "{ADE42CCB-3428-4442-B8D3-084DD1CCB574}"
EndProject
Project("{FAE04EC0-301F-11D3-BF4B-00C04F79EFBC}") = "BuildingBlocks", "BuildingBlocks\BuildingBlocks\BuildingBlocks.csproj", "{8850BD74-5E40-42C5-848C-04515DE697D9}"
EndProject
Global
	GlobalSection(SolutionConfigurationPlatforms) = preSolution
		Debug|Any CPU = Debug|Any CPU
		Release|Any CPU = Release|Any CPU
	EndGlobalSection
	GlobalSection(ProjectConfigurationPlatforms) = postSolution
		{26B38B9C-71C3-482C-9342-E96ED77EC4C5}.Debug|Any CPU.ActiveCfg = Debug|Any CPU
		{26B38B9C-71C3-482C-9342-E96ED77EC4C5}.Debug|Any CPU.Build.0 = Debug|Any CPU
		{26B38B9C-71C3-482C-9342-E96ED77EC4C5}.Release|Any CPU.ActiveCfg = Release|Any CPU
		{26B38B9C-71C3-482C-9342-E96ED77EC4C5}.Release|Any CPU.Build.0 = Release|Any CPU
		{8850BD74-5E40-42C5-848C-04515DE697D9}.Debug|Any CPU.ActiveCfg = Debug|Any CPU
		{8850BD74-5E40-42C5-848C-04515DE697D9}.Debug|Any CPU.Build.0 = Debug|Any CPU
		{8850BD74-5E40-42C5-848C-04515DE697D9}.Release|Any CPU.ActiveCfg = Release|Any CPU
		{8850BD74-5E40-42C5-848C-04515DE697D9}.Release|Any CPU.Build.0 = Release|Any CPU
	EndGlobalSection
	GlobalSection(SolutionProperties) = preSolution
		HideSolutionNode = FALSE
	EndGlobalSection
	GlobalSection(NestedProjects) = preSolution
		{75D43413-6E26-4B0C-ABD7-0C6C5CA72BAD} = {02EA681E-C7D8-13C7-8484-4AC65E1B71E8}
		{26B38B9C-71C3-482C-9342-E96ED77EC4C5} = {75D43413-6E26-4B0C-ABD7-0C6C5CA72BAD}
		{8850BD74-5E40-42C5-848C-04515DE697D9} = {ADE42CCB-3428-4442-B8D3-084DD1CCB574}
	EndGlobalSection
	GlobalSection(ExtensibilityGlobals) = postSolution
		SolutionGuid = {7C201C70-8E45-4107-9320-38BBAF879E2D}
	EndGlobalSection
EndGlobal
